// !$*UTF8*$!
{
	archiveVersion = 1;
	classes = {
	};
	objectVersion = 55;
	objects = {

/* Begin PBXBuildFile section */
		654066B02875C0F100EB3DE2 /* A.wav in Resources */ = {isa = PBXBuildFile; fileRef = 654066A92875C0F100EB3DE2 /* A.wav */; };
		654066B12875C0F100EB3DE2 /* C.wav in Resources */ = {isa = PBXBuildFile; fileRef = 654066AA2875C0F100EB3DE2 /* C.wav */; };
		654066B22875C0F100EB3DE2 /* B.wav in Resources */ = {isa = PBXBuildFile; fileRef = 654066AB2875C0F100EB3DE2 /* B.wav */; };
		654066B32875C0F100EB3DE2 /* F.wav in Resources */ = {isa = PBXBuildFile; fileRef = 654066AC2875C0F100EB3DE2 /* F.wav */; };
		654066B42875C0F100EB3DE2 /* G.wav in Resources */ = {isa = PBXBuildFile; fileRef = 654066AD2875C0F100EB3DE2 /* G.wav */; };
		654066B52875C0F100EB3DE2 /* E.wav in Resources */ = {isa = PBXBuildFile; fileRef = 654066AE2875C0F100EB3DE2 /* E.wav */; };
		654066B62875C0F100EB3DE2 /* D.wav in Resources */ = {isa = PBXBuildFile; fileRef = 654066AF2875C0F100EB3DE2 /* D.wav */; };
		654066B82875C70400EB3DE2 /* DNButton.swift in Sources */ = {isa = PBXBuildFile; fileRef = 654066B72875C70400EB3DE2 /* DNButton.swift */; };
		65DC73E1286A2B0C00E69C81 /* AppDelegate.swift in Sources */ = {isa = PBXBuildFile; fileRef = 65DC73E0286A2B0C00E69C81 /* AppDelegate.swift */; };
		65DC73E3286A2B0C00E69C81 /* SceneDelegate.swift in Sources */ = {isa = PBXBuildFile; fileRef = 65DC73E2286A2B0C00E69C81 /* SceneDelegate.swift */; };
		65DC73E5286A2B0C00E69C81 /* ViewController.swift in Sources */ = {isa = PBXBuildFile; fileRef = 65DC73E4286A2B0C00E69C81 /* ViewController.swift */; };
		65DC73EA286A2B1100E69C81 /* Assets.xcassets in Resources */ = {isa = PBXBuildFile; fileRef = 65DC73E9286A2B1100E69C81 /* Assets.xcassets */; };
		65DC73ED286A2B1100E69C81 /* LaunchScreen.storyboard in Resources */ = {isa = PBXBuildFile; fileRef = 65DC73EB286A2B1100E69C81 /* LaunchScreen.storyboard */; };
/* End PBXBuildFile section */

/* Begin PBXFileReference section */
		654066A92875C0F100EB3DE2 /* A.wav */ = {isa = PBXFileReference; lastKnownFileType = audio.wav; path = A.wav; sourceTree = "<group>"; };
		654066AA2875C0F100EB3DE2 /* C.wav */ = {isa = PBXFileReference; lastKnownFileType = audio.wav; path = C.wav; sourceTree = "<group>"; };
		654066AB2875C0F100EB3DE2 /* B.wav */ = {isa = PBXFileReference; lastKnownFileType = audio.wav; path = B.wav; sourceTree = "<group>"; };
		654066AC2875C0F100EB3DE2 /* F.wav */ = {isa = PBXFileReference; lastKnownFileType = audio.wav; path = F.wav; sourceTree = "<group>"; };
		654066AD2875C0F100EB3DE2 /* G.wav */ = {isa = PBXFileReference; lastKnownFileType = audio.wav; path = G.wav; sourceTree = "<group>"; };
		654066AE2875C0F100EB3DE2 /* E.wav */ = {isa = PBXFileReference; lastKnownFileType = audio.wav; path = E.wav; sourceTree = "<group>"; };
		654066AF2875C0F100EB3DE2 /* D.wav */ = {isa = PBXFileReference; lastKnownFileType = audio.wav; path = D.wav; sourceTree = "<group>"; };
		654066B72875C70400EB3DE2 /* DNButton.swift */ = {isa = PBXFileReference; lastKnownFileType = sourcecode.swift; path = DNButton.swift; sourceTree = "<group>"; };
		65DC73DD286A2B0C00E69C81 /* Xylophone.app */ = {isa = PBXFileReference; explicitFileType = wrapper.application; includeInIndex = 0; path = Xylophone.app; sourceTree = BUILT_PRODUCTS_DIR; };
		65DC73E0286A2B0C00E69C81 /* AppDelegate.swift */ = {isa = PBXFileReference; lastKnownFileType = sourcecode.swift; path = AppDelegate.swift; sourceTree = "<group>"; };
		65DC73E2286A2B0C00E69C81 /* SceneDelegate.swift */ = {isa = PBXFileReference; lastKnownFileType = sourcecode.swift; path = SceneDelegate.swift; sourceTree = "<group>"; };
		65DC73E4286A2B0C00E69C81 /* ViewController.swift */ = {isa = PBXFileReference; lastKnownFileType = sourcecode.swift; path = ViewController.swift; sourceTree = "<group>"; };
		65DC73E9286A2B1100E69C81 /* Assets.xcassets */ = {isa = PBXFileReference; lastKnownFileType = folder.assetcatalog; path = Assets.xcassets; sourceTree = "<group>"; };
		65DC73EC286A2B1100E69C81 /* Base */ = {isa = PBXFileReference; lastKnownFileType = file.storyboard; name = Base; path = Base.lproj/LaunchScreen.storyboard; sourceTree = "<group>"; };
		65DC73EE286A2B1100E69C81 /* Info.plist */ = {isa = PBXFileReference; lastKnownFileType = text.plist.xml; path = Info.plist; sourceTree = "<group>"; };
/* End PBXFileReference section */

/* Begin PBXFrameworksBuildPhase section */
		65DC73DA286A2B0C00E69C81 /* Frameworks */ = {
			isa = PBXFrameworksBuildPhase;
			buildActionMask = 2147483647;
			files = (
			);
			runOnlyForDeploymentPostprocessing = 0;
		};
/* End PBXFrameworksBuildPhase section */

/* Begin PBXGroup section */
		654066A82875C0F100EB3DE2 /* Sounds */ = {
			isa = PBXGroup;
			children = (
				654066A92875C0F100EB3DE2 /* A.wav */,
				654066AA2875C0F100EB3DE2 /* C.wav */,
				654066AB2875C0F100EB3DE2 /* B.wav */,
				654066AC2875C0F100EB3DE2 /* F.wav */,
				654066AD2875C0F100EB3DE2 /* G.wav */,
				654066AE2875C0F100EB3DE2 /* E.wav */,
				654066AF2875C0F100EB3DE2 /* D.wav */,
			);
			path = Sounds;
			sourceTree = "<group>";
		};
		65DC73D4286A2B0C00E69C81 = {
			isa = PBXGroup;
			children = (
				65DC73DF286A2B0C00E69C81 /* Xylophone */,
				65DC73DE286A2B0C00E69C81 /* Products */,
			);
			sourceTree = "<group>";
		};
		65DC73DE286A2B0C00E69C81 /* Products */ = {
			isa = PBXGroup;
			children = (
				65DC73DD286A2B0C00E69C81 /* Xylophone.app */,
			);
			name = Products;
			sourceTree = "<group>";
		};
		65DC73DF286A2B0C00E69C81 /* Xylophone */ = {
			isa = PBXGroup;
			children = (
				65DC73E0286A2B0C00E69C81 /* AppDelegate.swift */,
				65DC73E2286A2B0C00E69C81 /* SceneDelegate.swift */,
				65DC73E4286A2B0C00E69C81 /* ViewController.swift */,
				654066B72875C70400EB3DE2 /* DNButton.swift */,
				65DC73E9286A2B1100E69C81 /* Assets.xcassets */,
				65DC73EB286A2B1100E69C81 /* LaunchScreen.storyboard */,
				65DC73EE286A2B1100E69C81 /* Info.plist */,
				654066A82875C0F100EB3DE2 /* Sounds */,
			);
			path = Xylophone;
			sourceTree = "<group>";
		};
/* End PBXGroup section */

/* Begin PBXNativeTarget section */
		65DC73DC286A2B0C00E69C81 /* Xylophone */ = {
			isa = PBXNativeTarget;
			buildConfigurationList = 65DC7407286A2B1100E69C81 /* Build configuration list for PBXNativeTarget "Xylophone" */;
			buildPhases = (
				65DC73D9286A2B0C00E69C81 /* Sources */,
				65DC73DA286A2B0C00E69C81 /* Frameworks */,
				65DC73DB286A2B0C00E69C81 /* Resources */,
			);
			buildRules = (
			);
			dependencies = (
			);
			name = Xylophone;
			productName = "I am Rich";
			productReference = 65DC73DD286A2B0C00E69C81 /* Xylophone.app */;
			productType = "com.apple.product-type.application";
		};
/* End PBXNativeTarget section */

/* Begin PBXProject section */
		65DC73D5286A2B0C00E69C81 /* Project object */ = {
			isa = PBXProject;
			attributes = {
				BuildIndependentTargetsInParallel = 1;
				LastSwiftUpdateCheck = 1340;
				LastUpgradeCheck = 1340;
				TargetAttributes = {
					65DC73DC286A2B0C00E69C81 = {
						CreatedOnToolsVersion = 13.4.1;
					};
				};
			};
			buildConfigurationList = 65DC73D8286A2B0C00E69C81 /* Build configuration list for PBXProject "Xylophone" */;
			compatibilityVersion = "Xcode 13.0";
			developmentRegion = en;
			hasScannedForEncodings = 0;
			knownRegions = (
				en,
				Base,
			);
			mainGroup = 65DC73D4286A2B0C00E69C81;
			productRefGroup = 65DC73DE286A2B0C00E69C81 /* Products */;
			projectDirPath = "";
			projectRoot = "";
			targets = (
				65DC73DC286A2B0C00E69C81 /* Xylophone */,
			);
		};
/* End PBXProject section */

/* Begin PBXResourcesBuildPhase section */
		65DC73DB286A2B0C00E69C81 /* Resources */ = {
			isa = PBXResourcesBuildPhase;
			buildActionMask = 2147483647;
			files = (
				654066B62875C0F100EB3DE2 /* D.wav in Resources */,
				654066B12875C0F100EB3DE2 /* C.wav in Resources */,
				654066B22875C0F100EB3DE2 /* B.wav in Resources */,
				654066B02875C0F100EB3DE2 /* A.wav in Resources */,
				654066B32875C0F100EB3DE2 /* F.wav in Resources */,
				654066B42875C0F100EB3DE2 /* G.wav in Resources */,
				65DC73ED286A2B1100E69C81 /* LaunchScreen.storyboard in Resources */,
				654066B52875C0F100EB3DE2 /* E.wav in Resources */,
				65DC73EA286A2B1100E69C81 /* Assets.xcassets in Resources */,
			);
			runOnlyForDeploymentPostprocessing = 0;
		};
/* End PBXResourcesBuildPhase section */

/* Begin PBXSourcesBuildPhase section */
		65DC73D9286A2B0C00E69C81 /* Sources */ = {
			isa = PBXSourcesBuildPhase;
			buildActionMask = 2147483647;
			files = (
				65DC73E5286A2B0C00E69C81 /* ViewController.swift in Sources */,
				65DC73E1286A2B0C00E69C81 /* AppDelegate.swift in Sources */,
				65DC73E3286A2B0C00E69C81 /* SceneDelegate.swift in Sources */,
				654066B82875C70400EB3DE2 /* DNButton.swift in Sources */,
			);
			runOnlyForDeploymentPostprocessing = 0;
		};
/* End PBXSourcesBuildPhase section */

/* Begin PBXVariantGroup section */
		65DC73EB286A2B1100E69C81 /* LaunchScreen.storyboard */ = {
			isa = PBXVariantGroup;
			children = (
				65DC73EC286A2B1100E69C81 /* Base */,
			);
			name = LaunchScreen.storyboard;
			sourceTree = "<group>";
		};
/* End PBXVariantGroup section */

/* Begin XCBuildConfiguration section */
		65DC7405286A2B1100E69C81 /* Debug */ = {
			isa = XCBuildConfiguration;
			buildSettings = {
				ALWAYS_SEARCH_USER_PATHS = NO;
				CLANG_ANALYZER_NONNULL = YES;
				CLANG_ANALYZER_NUMBER_OBJECT_CONVERSION = YES_AGGRESSIVE;
				CLANG_CXX_LANGUAGE_STANDARD = "gnu++17";
				CLANG_ENABLE_MODULES = YES;
				CLANG_ENABLE_OBJC_ARC = YES;
				CLANG_ENABLE_OBJC_WEAK = YES;
				CLANG_WARN_BLOCK_CAPTURE_AUTORELEASING = YES;
				CLANG_WARN_BOOL_CONVERSION = YES;
				CLANG_WARN_COMMA = YES;
				CLANG_WARN_CONSTANT_CONVERSION = YES;
				CLANG_WARN_DEPRECATED_OBJC_IMPLEMENTATIONS = YES;
				CLANG_WARN_DIRECT_OBJC_ISA_USAGE = YES_ERROR;
				CLANG_WARN_DOCUMENTATION_COMMENTS = YES;
				CLANG_WARN_EMPTY_BODY = YES;
				CLANG_WARN_ENUM_CONVERSION = YES;
				CLANG_WARN_INFINITE_RECURSION = YES;
				CLANG_WARN_INT_CONVERSION = YES;
				CLANG_WARN_NON_LITERAL_NULL_CONVERSION = YES;
				CLANG_WARN_OBJC_IMPLICIT_RETAIN_SELF = YES;
				CLANG_WARN_OBJC_LITERAL_CONVERSION = YES;
				CLANG_WARN_OBJC_ROOT_CLASS = YES_ERROR;
				CLANG_WARN_QUOTED_INCLUDE_IN_FRAMEWORK_HEADER = YES;
				CLANG_WARN_RANGE_LOOP_ANALYSIS = YES;
				CLANG_WARN_STRICT_PROTOTYPES = YES;
				CLANG_WARN_SUSPICIOUS_MOVE = YES;
				CLANG_WARN_UNGUARDED_AVAILABILITY = YES_AGGRESSIVE;
				CLANG_WARN_UNREACHABLE_CODE = YES;
				CLANG_WARN__DUPLICATE_METHOD_MATCH = YES;
				COPY_PHASE_STRIP = NO;
				DEBUG_INFORMATION_FORMAT = dwarf;
				ENABLE_STRICT_OBJC_MSGSEND = YES;
				ENABLE_TESTABILITY = YES;
				GCC_C_LANGUAGE_STANDARD = gnu11;
				GCC_DYNAMIC_NO_PIC = NO;
				GCC_NO_COMMON_BLOCKS = YES;
				GCC_OPTIMIZATION_LEVEL = 0;
				GCC_PREPROCESSOR_DEFINITIONS = (
					"DEBUG=1",
					"$(inherited)",
				);
				GCC_WARN_64_TO_32_BIT_CONVERSION = YES;
				GCC_WARN_ABOUT_RETURN_TYPE = YES_ERROR;
				GCC_WARN_UNDECLARED_SELECTOR = YES;
				GCC_WARN_UNINITIALIZED_AUTOS = YES_AGGRESSIVE;
				GCC_WARN_UNUSED_FUNCTION = YES;
				GCC_WARN_UNUSED_VARIABLE = YES;
				IPHONEOS_DEPLOYMENT_TARGET = 15.5;
				MTL_ENABLE_DEBUG_INFO = INCLUDE_SOURCE;
				MTL_FAST_MATH = YES;
				ONLY_ACTIVE_ARCH = YES;
				SDKROOT = iphoneos;
				SWIFT_ACTIVE_COMPILATION_CONDITIONS = DEBUG;
				SWIFT_OPTIMIZATION_LEVEL = "-Onone";
			};
			name = Debug;
		};
		65DC7406286A2B1100E69C81 /* Release */ = {
			isa = XCBuildConfiguration;
			buildSettings = {
				ALWAYS_SEARCH_USER_PATHS = NO;
				CLANG_ANALYZER_NONNULL = YES;
				CLANG_ANALYZER_NUMBER_OBJECT_CONVERSION = YES_AGGRESSIVE;
				CLANG_CXX_LANGUAGE_STANDARD = "gnu++17";
				CLANG_ENABLE_MODULES = YES;
				CLANG_ENABLE_OBJC_ARC = YES;
				CLANG_ENABLE_OBJC_WEAK = YES;
				CLANG_WARN_BLOCK_CAPTURE_AUTORELEASING = YES;
				CLANG_WARN_BOOL_CONVERSION = YES;
				CLANG_WARN_COMMA = YES;
				CLANG_WARN_CONSTANT_CONVERSION = YES;
				CLANG_WARN_DEPRECATED_OBJC_IMPLEMENTATIONS = YES;
				CLANG_WARN_DIRECT_OBJC_ISA_USAGE = YES_ERROR;
				CLANG_WARN_DOCUMENTATION_COMMENTS = YES;
				CLANG_WARN_EMPTY_BODY = YES;
				CLANG_WARN_ENUM_CONVERSION = YES;
				CLANG_WARN_INFINITE_RECURSION = YES;
				CLANG_WARN_INT_CONVERSION = YES;
				CLANG_WARN_NON_LITERAL_NULL_CONVERSION = YES;
				CLANG_WARN_OBJC_IMPLICIT_RETAIN_SELF = YES;
				CLANG_WARN_OBJC_LITERAL_CONVERSION = YES;
				CLANG_WARN_OBJC_ROOT_CLASS = YES_ERROR;
				CLANG_WARN_QUOTED_INCLUDE_IN_FRAMEWORK_HEADER = YES;
				CLANG_WARN_RANGE_LOOP_ANALYSIS = YES;
				CLANG_WARN_STRICT_PROTOTYPES = YES;
				CLANG_WARN_SUSPICIOUS_MOVE = YES;
				CLANG_WARN_UNGUARDED_AVAILABILITY = YES_AGGRESSIVE;
				CLANG_WARN_UNREACHABLE_CODE = YES;
				CLANG_WARN__DUPLICATE_METHOD_MATCH = YES;
				COPY_PHASE_STRIP = NO;
				DEBUG_INFORMATION_FORMAT = "dwarf-with-dsym";
				ENABLE_NS_ASSERTIONS = NO;
				ENABLE_STRICT_OBJC_MSGSEND = YES;
				GCC_C_LANGUAGE_STANDARD = gnu11;
				GCC_NO_COMMON_BLOCKS = YES;
				GCC_WARN_64_TO_32_BIT_CONVERSION = YES;
				GCC_WARN_ABOUT_RETURN_TYPE = YES_ERROR;
				GCC_WARN_UNDECLARED_SELECTOR = YES;
				GCC_WARN_UNINITIALIZED_AUTOS = YES_AGGRESSIVE;
				GCC_WARN_UNUSED_FUNCTION = YES;
				GCC_WARN_UNUSED_VARIABLE = YES;
				IPHONEOS_DEPLOYMENT_TARGET = 15.5;
				MTL_ENABLE_DEBUG_INFO = NO;
				MTL_FAST_MATH = YES;
				SDKROOT = iphoneos;
				SWIFT_COMPILATION_MODE = wholemodule;
				SWIFT_OPTIMIZATION_LEVEL = "-O";
				VALIDATE_PRODUCT = YES;
			};
			name = Release;
		};
		65DC7408286A2B1100E69C81 /* Debug */ = {
			isa = XCBuildConfiguration;
			buildSettings = {
				ASSETCATALOG_COMPILER_APPICON_NAME = AppIcon;
				ASSETCATALOG_COMPILER_GLOBAL_ACCENT_COLOR_NAME = AccentColor;
				CODE_SIGN_STYLE = Automatic;
				CURRENT_PROJECT_VERSION = 1;
				DEVELOPMENT_TEAM = 33389KCH5W;
				GENERATE_INFOPLIST_FILE = YES;
				INFOPLIST_FILE = Xylophone/Info.plist;
				INFOPLIST_KEY_CFBundleDisplayName = Xylophone;
				INFOPLIST_KEY_UIApplicationSupportsIndirectInputEvents = YES;
				INFOPLIST_KEY_UILaunchStoryboardName = LaunchScreen;
				INFOPLIST_KEY_UISupportedInterfaceOrientations = "UIInterfaceOrientationLandscapeLeft UIInterfaceOrientationLandscapeRight UIInterfaceOrientationPortrait";
				INFOPLIST_KEY_UISupportedInterfaceOrientations_iPad = "UIInterfaceOrientationPortrait UIInterfaceOrientationPortraitUpsideDown UIInterfaceOrientationLandscapeLeft UIInterfaceOrientationLandscapeRight";
				INFOPLIST_KEY_UISupportedInterfaceOrientations_iPhone = "UIInterfaceOrientationPortrait UIInterfaceOrientationLandscapeLeft UIInterfaceOrientationLandscapeRight";
				IPHONEOS_DEPLOYMENT_TARGET = 15.5;
				LD_RUNPATH_SEARCH_PATHS = (
					"$(inherited)",
					"@executable_path/Frameworks",
				);
				MARKETING_VERSION = 1.0;
				PRODUCT_BUNDLE_IDENTIFIER = neskdan812Test;
				PRODUCT_NAME = "$(TARGET_NAME)";
				SWIFT_EMIT_LOC_STRINGS = YES;
				SWIFT_VERSION = 5.0;
				TARGETED_DEVICE_FAMILY = "1,2";
			};
			name = Debug;
		};
		65DC7409286A2B1100E69C81 /* Release */ = {
			isa = XCBuildConfiguration;
			buildSettings = {
				ASSETCATALOG_COMPILER_APPICON_NAME = AppIcon;
				ASSETCATALOG_COMPILER_GLOBAL_ACCENT_COLOR_NAME = AccentColor;
				CODE_SIGN_STYLE = Automatic;
				CURRENT_PROJECT_VERSION = 1;
				DEVELOPMENT_TEAM = 33389KCH5W;
				GENERATE_INFOPLIST_FILE = YES;
				INFOPLIST_FILE = Xylophone/Info.plist;
				INFOPLIST_KEY_CFBundleDisplayName = Xylophone;
				INFOPLIST_KEY_UIApplicationSupportsIndirectInputEvents = YES;
				INFOPLIST_KEY_UILaunchStoryboardName = LaunchScreen;
				INFOPLIST_KEY_UISupportedInterfaceOrientations = "UIInterfaceOrientationLandscapeLeft UIInterfaceOrientationLandscapeRight UIInterfaceOrientationPortrait";
				INFOPLIST_KEY_UISupportedInterfaceOrientations_iPad = "UIInterfaceOrientationPortrait UIInterfaceOrientationPortraitUpsideDown UIInterfaceOrientationLandscapeLeft UIInterfaceOrientationLandscapeRight";
				INFOPLIST_KEY_UISupportedInterfaceOrientations_iPhone = "UIInterfaceOrientationPortrait UIInterfaceOrientationLandscapeLeft UIInterfaceOrientationLandscapeRight";
				IPHONEOS_DEPLOYMENT_TARGET = 15.5;
				LD_RUNPATH_SEARCH_PATHS = (
					"$(inherited)",
					"@executable_path/Frameworks",
				);
				MARKETING_VERSION = 1.0;
				PRODUCT_BUNDLE_IDENTIFIER = neskdan812Test;
				PRODUCT_NAME = "$(TARGET_NAME)";
				SWIFT_EMIT_LOC_STRINGS = YES;
				SWIFT_VERSION = 5.0;
				TARGETED_DEVICE_FAMILY = "1,2";
			};
			name = Release;
		};
/* End XCBuildConfiguration section */

/* Begin XCConfigurationList section */
		65DC73D8286A2B0C00E69C81 /* Build configuration list for PBXProject "Xylophone" */ = {
			isa = XCConfigurationList;
			buildConfigurations = (
				65DC7405286A2B1100E69C81 /* Debug */,
				65DC7406286A2B1100E69C81 /* Release */,
			);
			defaultConfigurationIsVisible = 0;
			defaultConfigurationName = Release;
		};
		65DC7407286A2B1100E69C81 /* Build configuration list for PBXNativeTarget "Xylophone" */ = {
			isa = XCConfigurationList;
			buildConfigurations = (
				65DC7408286A2B1100E69C81 /* Debug */,
				65DC7409286A2B1100E69C81 /* Release */,
			);
			defaultConfigurationIsVisible = 0;
			defaultConfigurationName = Release;
		};
/* End XCConfigurationList section */
	};
	rootObject = 65DC73D5286A2B0C00E69C81 /* Project object */;
}
